// !$*UTF8*$!
{
	archiveVersion = 1;
	classes = {
	};
	objectVersion = 46;
	objects = {

/* Begin PBXAggregateTarget section */
		D0AADE271763813100759E26 /* Build & Install MAME */ = {
			isa = PBXAggregateTarget;
			buildConfigurationList = D0AADE281763813100759E26 /* Build configuration list for PBXAggregateTarget "Build & Install MAME" */;
			buildPhases = (
				D0AADE2D1763815000759E26 /* ShellScript */,
			);
			dependencies = (
				D0AADE2C1763813900759E26 /* PBXTargetDependency */,
			);
			name = "Build & Install MAME";
			productName = "Build & Install MAME";
		};
/* End PBXAggregateTarget section */

/* Begin PBXBuildFile section */
		05334A961C52AEEF0066D493 /* CoreMIDI.framework in Frameworks */ = {isa = PBXBuildFile; fileRef = 05334A951C52AEEF0066D493 /* CoreMIDI.framework */; };
		05334A971C52AEFD0066D493 /* libmame_x64.a in Frameworks */ = {isa = PBXBuildFile; fileRef = 05334A931C52AE4D0066D493 /* libmame_x64.a */; };
		05334A991C52AF0E0066D493 /* CoreAudio.framework in Frameworks */ = {isa = PBXBuildFile; fileRef = 05334A981C52AF0E0066D493 /* CoreAudio.framework */; };
		8C3132F8177F667D0002D0B9 /* OpenGL.framework in Frameworks */ = {isa = PBXBuildFile; fileRef = 8C3132F7177F667D0002D0B9 /* OpenGL.framework */; };
		8CA9071017A83C08001591B7 /* osx_osd_interface.mm in Sources */ = {isa = PBXBuildFile; fileRef = D00DAE0B176E1E6900F58FBB /* osx_osd_interface.mm */; };
		D00A068E1763763000C99008 /* Cocoa.framework in Frameworks */ = {isa = PBXBuildFile; fileRef = D00A068D1763763000C99008 /* Cocoa.framework */; };
		D00A06A617637E9100C99008 /* MAMEGameCore.mm in Sources */ = {isa = PBXBuildFile; fileRef = D00A06A517637E9100C99008 /* MAMEGameCore.mm */; };
		D0AADE31176382F900759E26 /* OpenEmuBase.framework in Frameworks */ = {isa = PBXBuildFile; fileRef = D0AADE30176382F900759E26 /* OpenEmuBase.framework */; };
/* End PBXBuildFile section */

/* Begin PBXContainerItemProxy section */
		D0AADE2B1763813900759E26 /* PBXContainerItemProxy */ = {
			isa = PBXContainerItemProxy;
			containerPortal = D00A06821763762F00C99008 /* Project object */;
			proxyType = 1;
			remoteGlobalIDString = D00A06891763763000C99008;
			remoteInfo = MAME;
		};
/* End PBXContainerItemProxy section */

/* Begin PBXFileReference section */
		05334A931C52AE4D0066D493 /* libmame_x64.a */ = {isa = PBXFileReference; lastKnownFileType = archive.ar; path = libmame_x64.a; sourceTree = "<group>"; };
		05334A951C52AEEF0066D493 /* CoreMIDI.framework */ = {isa = PBXFileReference; lastKnownFileType = wrapper.framework; name = CoreMIDI.framework; path = System/Library/Frameworks/CoreMIDI.framework; sourceTree = SDKROOT; };
		05334A981C52AF0E0066D493 /* CoreAudio.framework */ = {isa = PBXFileReference; lastKnownFileType = wrapper.framework; name = CoreAudio.framework; path = System/Library/Frameworks/CoreAudio.framework; sourceTree = SDKROOT; };
		8C3132F7177F667D0002D0B9 /* OpenGL.framework */ = {isa = PBXFileReference; lastKnownFileType = wrapper.framework; name = OpenGL.framework; path = System/Library/Frameworks/OpenGL.framework; sourceTree = SDKROOT; };
		D00A068A1763763000C99008 /* MAME.oecoreplugin */ = {isa = PBXFileReference; explicitFileType = wrapper.cfbundle; includeInIndex = 0; path = MAME.oecoreplugin; sourceTree = BUILT_PRODUCTS_DIR; };
		D00A068D1763763000C99008 /* Cocoa.framework */ = {isa = PBXFileReference; lastKnownFileType = wrapper.framework; name = Cocoa.framework; path = System/Library/Frameworks/Cocoa.framework; sourceTree = SDKROOT; };
		D00A06921763763000C99008 /* Foundation.framework */ = {isa = PBXFileReference; lastKnownFileType = wrapper.framework; name = Foundation.framework; path = System/Library/Frameworks/Foundation.framework; sourceTree = SDKROOT; };
		D00A069F17637AB600C99008 /* Info.plist */ = {isa = PBXFileReference; lastKnownFileType = text.plist.xml; path = Info.plist; sourceTree = SOURCE_ROOT; };
		D00A06A417637E9100C99008 /* MAMEGameCore.h */ = {isa = PBXFileReference; fileEncoding = 4; lastKnownFileType = sourcecode.c.h; path = MAMEGameCore.h; sourceTree = "<group>"; };
		D00A06A517637E9100C99008 /* MAMEGameCore.mm */ = {isa = PBXFileReference; fileEncoding = 4; lastKnownFileType = sourcecode.cpp.objcpp; path = MAMEGameCore.mm; sourceTree = "<group>"; };
		D00A06A717637EB500C99008 /* OEArcadeSystemResponderClient.h */ = {isa = PBXFileReference; fileEncoding = 4; lastKnownFileType = sourcecode.c.h; name = OEArcadeSystemResponderClient.h; path = ../OpenEmu/Arcade/OEArcadeSystemResponderClient.h; sourceTree = "<group>"; };
		D00DAE0A176E1E6900F58FBB /* osx_osd_interface.h */ = {isa = PBXFileReference; fileEncoding = 4; lastKnownFileType = sourcecode.c.h; name = osx_osd_interface.h; path = osd/osx_osd_interface.h; sourceTree = "<group>"; };
		D00DAE0B176E1E6900F58FBB /* osx_osd_interface.mm */ = {isa = PBXFileReference; fileEncoding = 4; lastKnownFileType = sourcecode.cpp.objcpp; name = osx_osd_interface.mm; path = osd/osx_osd_interface.mm; sourceTree = "<group>"; };
		D0AADE2F176381FB00759E26 /* MAME_Prefix.pch */ = {isa = PBXFileReference; fileEncoding = 4; lastKnownFileType = sourcecode.c.h; path = MAME_Prefix.pch; sourceTree = "<group>"; };
		D0AADE30176382F900759E26 /* OpenEmuBase.framework */ = {isa = PBXFileReference; lastKnownFileType = wrapper.framework; path = OpenEmuBase.framework; sourceTree = BUILT_PRODUCTS_DIR; };
		D0AADE331763838A00759E26 /* AppKit.framework */ = {isa = PBXFileReference; lastKnownFileType = wrapper.framework; name = AppKit.framework; path = System/Library/Frameworks/AppKit.framework; sourceTree = SDKROOT; };
		D0AADE341763838A00759E26 /* CoreData.framework */ = {isa = PBXFileReference; lastKnownFileType = wrapper.framework; name = CoreData.framework; path = System/Library/Frameworks/CoreData.framework; sourceTree = SDKROOT; };
/* End PBXFileReference section */

/* Begin PBXFrameworksBuildPhase section */
		D00A06871763763000C99008 /* Frameworks */ = {
			isa = PBXFrameworksBuildPhase;
			buildActionMask = 2147483647;
			files = (
				05334A991C52AF0E0066D493 /* CoreAudio.framework in Frameworks */,
				05334A961C52AEEF0066D493 /* CoreMIDI.framework in Frameworks */,
				D00A068E1763763000C99008 /* Cocoa.framework in Frameworks */,
				8C3132F8177F667D0002D0B9 /* OpenGL.framework in Frameworks */,
				D0AADE31176382F900759E26 /* OpenEmuBase.framework in Frameworks */,
				05334A971C52AEFD0066D493 /* libmame_x64.a in Frameworks */,
			);
			runOnlyForDeploymentPostprocessing = 0;
		};
/* End PBXFrameworksBuildPhase section */

/* Begin PBXGroup section */
		05334A921C52AE320066D493 /* mame */ = {
			isa = PBXGroup;
			children = (
				05334A931C52AE4D0066D493 /* libmame_x64.a */,
			);
			path = mame;
			sourceTree = "<group>";
		};
		D00A06811763762F00C99008 = {
			isa = PBXGroup;
			children = (
				D00A06A317637BDD00C99008 /* Classes */,
				05334A921C52AE320066D493 /* mame */,
				D0AADE2E176381E900759E26 /* Other Sources */,
				D00A06931763763000C99008 /* Resources */,
				D00A068C1763763000C99008 /* Frameworks and Libraries */,
				D00A068B1763763000C99008 /* Products */,
			);
			sourceTree = "<group>";
		};
		D00A068B1763763000C99008 /* Products */ = {
			isa = PBXGroup;
			children = (
				D00A068A1763763000C99008 /* MAME.oecoreplugin */,
			);
			name = Products;
			sourceTree = "<group>";
		};
		D00A068C1763763000C99008 /* Frameworks and Libraries */ = {
			isa = PBXGroup;
			children = (
				D0AADE30176382F900759E26 /* OpenEmuBase.framework */,
				D00A068F1763763000C99008 /* Linked Frameworks */,
				D0AADE321763833600759E26 /* Other Frameworks */,
			);
			name = "Frameworks and Libraries";
			sourceTree = "<group>";
		};
		D00A068F1763763000C99008 /* Linked Frameworks */ = {
			isa = PBXGroup;
			children = (
				05334A951C52AEEF0066D493 /* CoreMIDI.framework */,
				05334A981C52AF0E0066D493 /* CoreAudio.framework */,
				D00A068D1763763000C99008 /* Cocoa.framework */,
				8C3132F7177F667D0002D0B9 /* OpenGL.framework */,
			);
			name = "Linked Frameworks";
			sourceTree = "<group>";
		};
		D00A06931763763000C99008 /* Resources */ = {
			isa = PBXGroup;
			children = (
				D00A069F17637AB600C99008 /* Info.plist */,
			);
			name = Resources;
			path = MAME;
			sourceTree = "<group>";
		};
		D00A06A317637BDD00C99008 /* Classes */ = {
			isa = PBXGroup;
			children = (
				D00A06A717637EB500C99008 /* OEArcadeSystemResponderClient.h */,
				D00A06A417637E9100C99008 /* MAMEGameCore.h */,
				D00A06A517637E9100C99008 /* MAMEGameCore.mm */,
				D0BA5A9517645D630033A910 /* osd */,
			);
			name = Classes;
			sourceTree = "<group>";
		};
		D0AADE2E176381E900759E26 /* Other Sources */ = {
			isa = PBXGroup;
			children = (
				D0AADE2F176381FB00759E26 /* MAME_Prefix.pch */,
			);
			name = "Other Sources";
			sourceTree = "<group>";
		};
		D0AADE321763833600759E26 /* Other Frameworks */ = {
			isa = PBXGroup;
			children = (
				D0AADE331763838A00759E26 /* AppKit.framework */,
				D0AADE341763838A00759E26 /* CoreData.framework */,
				D00A06921763763000C99008 /* Foundation.framework */,
			);
			name = "Other Frameworks";
			sourceTree = "<group>";
		};
		D0BA5A9517645D630033A910 /* osd */ = {
			isa = PBXGroup;
			children = (
				D00DAE0A176E1E6900F58FBB /* osx_osd_interface.h */,
				D00DAE0B176E1E6900F58FBB /* osx_osd_interface.mm */,
			);
			name = osd;
			sourceTree = "<group>";
		};
/* End PBXGroup section */

/* Begin PBXNativeTarget section */
		D00A06891763763000C99008 /* MAME */ = {
			isa = PBXNativeTarget;
			buildConfigurationList = D00A069C1763763000C99008 /* Build configuration list for PBXNativeTarget "MAME" */;
			buildPhases = (
				D00A06861763763000C99008 /* Sources */,
				D00A06871763763000C99008 /* Frameworks */,
				D00A06881763763000C99008 /* Resources */,
			);
			buildRules = (
			);
			dependencies = (
			);
			name = MAME;
			productName = MAME;
			productReference = D00A068A1763763000C99008 /* MAME.oecoreplugin */;
			productType = "com.apple.product-type.bundle";
		};
/* End PBXNativeTarget section */

/* Begin PBXProject section */
		D00A06821763762F00C99008 /* Project object */ = {
			isa = PBXProject;
			attributes = {
				LastUpgradeCheck = 0700;
				ORGANIZATIONNAME = OpenEmu;
			};
			buildConfigurationList = D00A06851763762F00C99008 /* Build configuration list for PBXProject "MAME" */;
			compatibilityVersion = "Xcode 3.2";
			developmentRegion = English;
			hasScannedForEncodings = 0;
			knownRegions = (
				en,
			);
			mainGroup = D00A06811763762F00C99008;
			productRefGroup = D00A068B1763763000C99008 /* Products */;
			projectDirPath = "";
			projectRoot = "";
			targets = (
				D00A06891763763000C99008 /* MAME */,
				D0AADE271763813100759E26 /* Build & Install MAME */,
			);
		};
/* End PBXProject section */

/* Begin PBXResourcesBuildPhase section */
		D00A06881763763000C99008 /* Resources */ = {
			isa = PBXResourcesBuildPhase;
			buildActionMask = 2147483647;
			files = (
			);
			runOnlyForDeploymentPostprocessing = 0;
		};
/* End PBXResourcesBuildPhase section */

/* Begin PBXShellScriptBuildPhase section */
		D0AADE2D1763815000759E26 /* ShellScript */ = {
			isa = PBXShellScriptBuildPhase;
			buildActionMask = 2147483647;
			files = (
			);
			inputPaths = (
			);
			outputPaths = (
			);
			runOnlyForDeploymentPostprocessing = 0;
			shellPath = /bin/sh;
			shellScript = "mkdir -p \"$USER_LIBRARY_DIR/Application Support/OpenEmu/Cores\"\nrm -rf \"$USER_LIBRARY_DIR/Application Support/OpenEmu/Cores/$PROJECT_NAME.oecoreplugin\"{,.dSYM}\ncp -rf \"$BUILT_PRODUCTS_DIR/$PROJECT_NAME.oecoreplugin\"{,.dSYM} \"$USER_LIBRARY_DIR/Application Support/OpenEmu/Cores/\"";
		};
/* End PBXShellScriptBuildPhase section */

/* Begin PBXSourcesBuildPhase section */
		D00A06861763763000C99008 /* Sources */ = {
			isa = PBXSourcesBuildPhase;
			buildActionMask = 2147483647;
			files = (
				D00A06A617637E9100C99008 /* MAMEGameCore.mm in Sources */,
				8CA9071017A83C08001591B7 /* osx_osd_interface.mm in Sources */,
			);
			runOnlyForDeploymentPostprocessing = 0;
		};
/* End PBXSourcesBuildPhase section */

/* Begin PBXTargetDependency section */
		D0AADE2C1763813900759E26 /* PBXTargetDependency */ = {
			isa = PBXTargetDependency;
			target = D00A06891763763000C99008 /* MAME */;
			targetProxy = D0AADE2B1763813900759E26 /* PBXContainerItemProxy */;
		};
/* End PBXTargetDependency section */

/* Begin XCBuildConfiguration section */
		D00A069A1763763000C99008 /* Debug */ = {
			isa = XCBuildConfiguration;
			buildSettings = {
				CLANG_CXX_LANGUAGE_STANDARD = "c++14";
				CLANG_CXX_LIBRARY = "compiler-default";
				CLANG_DEBUG_INFORMATION_LEVEL = default;
				CLANG_ENABLE_MODULES = YES;
				CLANG_ENABLE_OBJC_ARC = YES;
				COPY_PHASE_STRIP = YES;
				DEAD_CODE_STRIPPING = NO;
				DEBUG_INFORMATION_FORMAT = dwarf;
				ENABLE_TESTABILITY = NO;
				GCC_C_LANGUAGE_STANDARD = gnu89;
				GCC_INCREASE_PRECOMPILED_HEADER_SHARING = YES;
				GCC_INPUT_FILETYPE = sourcecode.cpp.cpp;
				GCC_OPTIMIZATION_LEVEL = 0;
				GCC_PRECOMPILE_PREFIX_HEADER = YES;
				GCC_PREFIX_HEADER = "";
				GCC_PREPROCESSOR_DEFINITIONS = (
					"DEBUG=1",
					"$(inherited)",
				);
				GCC_SYMBOLS_PRIVATE_EXTERN = YES;
				GCC_WARN_UNUSED_VALUE = NO;
				HEADER_SEARCH_PATHS = (
					"\"$(SRCROOT)\"",
					"\"$(SRCROOT)/osd\"",
					"\"$(SRCROOT)/mame/include/osd\"",
					"\"$(SRCROOT)/mame/include/emu\"",
					"\"$(SRCROOT)/mame/include/lib/util\"",
					"\"$(SRCROOT)/mame/include/osd/modules/lib\"",
				);
				MACOSX_DEPLOYMENT_TARGET = 10.11;
				OTHER_CFLAGS = (
					"-DMAME_DEBUG",
					"-DFLAC__NO_DLL",
					"-DNATIVE_DRC=drcbe_x64",
					"-D__DYNAMIC__",
				);
				OTHER_CPLUSPLUSFLAGS = (
					"$(OTHER_CFLAGS)",
					"-Woverloaded-virtual",
				);
				PRECOMPS_INCLUDE_HEADERS_FROM_BUILT_PRODUCTS_DIR = NO;
				SDKROOT = macosx;
				USE_HEADERMAP = NO;
				WARNING_CFLAGS = (
					"-Wall",
					"-Wcast-align",
					"-Wundef",
					"-Wformat-security",
					"-Wwrite-strings",
					"-Wno-sign-compare",
					"-Wno-conversion",
					"-Wno-cast-align",
					"-Wno-tautological-compare",
					"-Wno-constant-logical-operand",
					"-Wno-shift-count-overflow",
					"-Wno-self-assign-field",
					"-Wno-unused-local-typedef",
				);
			};
			name = Debug;
		};
		D00A069B1763763000C99008 /* Release */ = {
			isa = XCBuildConfiguration;
			buildSettings = {
				CLANG_CXX_LANGUAGE_STANDARD = "c++14";
				CLANG_CXX_LIBRARY = "compiler-default";
				CLANG_DEBUG_INFORMATION_LEVEL = default;
				CLANG_ENABLE_MODULES = YES;
				CLANG_ENABLE_OBJC_ARC = YES;
				COPY_PHASE_STRIP = YES;
				DEAD_CODE_STRIPPING = NO;
				DEBUG_INFORMATION_FORMAT = "dwarf-with-dsym";
				ENABLE_TESTABILITY = NO;
				GCC_C_LANGUAGE_STANDARD = gnu89;
				GCC_INCREASE_PRECOMPILED_HEADER_SHARING = YES;
				GCC_INPUT_FILETYPE = sourcecode.cpp.cpp;
				GCC_OPTIMIZATION_LEVEL = 3;
				GCC_PRECOMPILE_PREFIX_HEADER = YES;
				GCC_PREFIX_HEADER = "";
				GCC_SYMBOLS_PRIVATE_EXTERN = YES;
				GCC_WARN_UNUSED_VALUE = NO;
				HEADER_SEARCH_PATHS = (
					"\"$(SRCROOT)\"",
					"\"$(SRCROOT)/osd\"",
					"\"$(SRCROOT)/mame/include/osd\"",
					"\"$(SRCROOT)/mame/include/emu\"",
					"\"$(SRCROOT)/mame/include/lib/util\"",
					"\"$(SRCROOT)/mame/include/osd/modules/lib\"",
				);
				MACOSX_DEPLOYMENT_TARGET = 10.11;
				OTHER_CFLAGS = (
					"-DNDEBUG",
					"-DFLAC__NO_DLL",
					"-DNATIVE_DRC=drcbe_x64",
					"-fno-strict-aliasing",
					"-D__DYNAMIC__",
				);
				OTHER_CPLUSPLUSFLAGS = (
					"$(OTHER_CFLAGS)",
					"-Woverloaded-virtual",
				);
				PRECOMPS_INCLUDE_HEADERS_FROM_BUILT_PRODUCTS_DIR = NO;
				SDKROOT = macosx;
				USE_HEADERMAP = NO;
				WARNING_CFLAGS = (
					"-Wall",
					"-Wcast-align",
					"-Wundef",
					"-Wformat-security",
					"-Wwrite-strings",
					"-Wno-sign-compare",
					"-Wno-conversion",
					"-Wno-cast-align",
					"-Wno-tautological-compare",
					"-Wno-constant-logical-operand",
					"-Wno-shift-count-overflow",
					"-Wno-self-assign-field",
					"-Wno-unused-local-typedef",
				);
			};
			name = Release;
		};
		D00A069D1763763000C99008 /* Debug */ = {
			isa = XCBuildConfiguration;
			buildSettings = {
				COMBINE_HIDPI_IMAGES = YES;
				DEBUG_INFORMATION_FORMAT = "dwarf-with-dsym";
				GCC_INPUT_FILETYPE = sourcecode.cpp.objcpp;
				GCC_PRECOMPILE_PREFIX_HEADER = NO;
				GCC_PREPROCESSOR_DEFINITIONS = (
					"PTR64=1",
					"CRLF=2",
					LSB_FIRST,
					SDLMAME_DARWIN,
					"USE_OPENGL=1",
					"DEBUG=1",
				);
				HEADER_SEARCH_PATHS = (
					"$(inherited)",
					"\"$(SRCROOT)/../OpenEmu/Arcade\"",
				);
				INFOPLIST_FILE = Info.plist;
				INSTALL_PATH = "\"$(USER_LIBRARY_DIR)/Application Support/OpenEmu/Cores\"";
				LIBRARY_SEARCH_PATHS = "$(PROJECT_DIR)/mame";
				PRODUCT_BUNDLE_IDENTIFIER = "org.openemu.${PRODUCT_NAME:rfc1034identifier}";
				PRODUCT_NAME = "$(TARGET_NAME)";
				SKIP_INSTALL = YES;
				WRAPPER_EXTENSION = oecoreplugin;
			};
			name = Debug;
		};
		D00A069E1763763000C99008 /* Release */ = {
			isa = XCBuildConfiguration;
			buildSettings = {
				COMBINE_HIDPI_IMAGES = YES;
				DEBUG_INFORMATION_FORMAT = "dwarf-with-dsym";
				GCC_INPUT_FILETYPE = sourcecode.cpp.objcpp;
				GCC_PRECOMPILE_PREFIX_HEADER = NO;
				GCC_PREPROCESSOR_DEFINITIONS = (
					"PTR64=1",
					"CRLF=2",
					LSB_FIRST,
					SDLMAME_DARWIN,
					"USE_OPENGL=1",
				);
				HEADER_SEARCH_PATHS = (
					"$(inherited)",
					"\"$(SRCROOT)/../OpenEmu/Arcade\"",
				);
				INFOPLIST_FILE = Info.plist;
				INSTALL_PATH = "\"$(USER_LIBRARY_DIR)/Application Support/OpenEmu/Cores\"";
				LIBRARY_SEARCH_PATHS = "$(PROJECT_DIR)/mame";
				PRODUCT_BUNDLE_IDENTIFIER = "org.openemu.${PRODUCT_NAME:rfc1034identifier}";
				PRODUCT_NAME = "$(TARGET_NAME)";
				SKIP_INSTALL = YES;
				WRAPPER_EXTENSION = oecoreplugin;
			};
			name = Release;
		};
		D0AADE291763813100759E26 /* Debug */ = {
			isa = XCBuildConfiguration;
			buildSettings = {
				PRODUCT_NAME = "$(TARGET_NAME)";
			};
			name = Debug;
		};
		D0AADE2A1763813100759E26 /* Release */ = {
			isa = XCBuildConfiguration;
			buildSettings = {
				PRODUCT_NAME = "$(TARGET_NAME)";
			};
			name = Release;
		};
/* End XCBuildConfiguration section */

/* Begin XCConfigurationList section */
		D00A06851763762F00C99008 /* Build configuration list for PBXProject "MAME" */ = {
			isa = XCConfigurationList;
			buildConfigurations = (
				D00A069A1763763000C99008 /* Debug */,
				D00A069B1763763000C99008 /* Release */,
			);
			defaultConfigurationIsVisible = 0;
			defaultConfigurationName = Release;
		};
		D00A069C1763763000C99008 /* Build configuration list for PBXNativeTarget "MAME" */ = {
			isa = XCConfigurationList;
			buildConfigurations = (
				D00A069D1763763000C99008 /* Debug */,
				D00A069E1763763000C99008 /* Release */,
			);
			defaultConfigurationIsVisible = 0;
			defaultConfigurationName = Release;
		};
		D0AADE281763813100759E26 /* Build configuration list for PBXAggregateTarget "Build & Install MAME" */ = {
			isa = XCConfigurationList;
			buildConfigurations = (
				D0AADE291763813100759E26 /* Debug */,
				D0AADE2A1763813100759E26 /* Release */,
			);
			defaultConfigurationIsVisible = 0;
			defaultConfigurationName = Release;
		};
/* End XCConfigurationList section */
	};
	rootObject = D00A06821763762F00C99008 /* Project object */;
}
